
Microsoft Visual Studio Solution File, Format Version 12.00
# Visual Studio Version 16
VisualStudioVersion = 16.0.30320.27
MinimumVisualStudioVersion = 10.0.40219.1
Project("{8BC9CEB8-8B4A-11D0-8D11-00A0C91BC942}") = "Practise_AU_d19", "Practise_AU_d19\Practise_AU_d19.vcxproj", "{1CBA83C6-C1FD-4431-AFFF-96B96755CB2F}"
EndProject
Global
	GlobalSection(SolutionConfigurationPlatforms) = preSolution
		Debug|x64 = Debug|x64
		Debug|x86 = Debug|x86
		Release|x64 = Release|x64
		Release|x86 = Release|x86
	EndGlobalSection
	GlobalSection(ProjectConfigurationPlatforms) = postSolution
		{1CBA83C6-C1FD-4431-AFFF-96B96755CB2F}.Debug|x64.ActiveCfg = Debug|x64
		{1CBA83C6-C1FD-4431-AFFF-96B96755CB2F}.Debug|x64.Build.0 = Debug|x64
		{1CBA83C6-C1FD-4431-AFFF-96B96755CB2F}.Debug|x86.ActiveCfg = Debug|Win32
		{1CBA83C6-C1FD-4431-AFFF-96B96755CB2F}.Debug|x86.Build.0 = Debug|Win32
		{1CBA83C6-C1FD-4431-AFFF-96B96755CB2F}.Release|x64.ActiveCfg = Release|x64
		{1CBA83C6-C1FD-4431-AFFF-96B96755CB2F}.Release|x64.Build.0 = Release|x64
		{1CBA83C6-C1FD-4431-AFFF-96B96755CB2F}.Release|x86.ActiveCfg = Release|Win32
		{1CBA83C6-C1FD-4431-AFFF-96B96755CB2F}.Release|x86.Build.0 = Release|Win32
	EndGlobalSection
	GlobalSection(SolutionProperties) = preSolution
		HideSolutionNode = FALSE
	EndGlobalSection
	GlobalSection(ExtensibilityGlobals) = postSolution
		SolutionGuid = {48CA1997-BCB4-427C-B33B-E70F2175334E}
	EndGlobalSection
EndGlobal
